
Microsoft Visual Studio Solution File, Format Version 12.00
# Visual Studio Version 17
VisualStudioVersion = 17.4.33110.190
MinimumVisualStudioVersion = 10.0.40219.1
Project("{8BC9CEB8-8B4A-11D0-8D11-00A0C91BC942}") = "1", "1\1.vcxproj", "{C8C0B86D-5950-4386-85D3-0BFFE6F34AC3}"
EndProject
Project("{8BC9CEB8-8B4A-11D0-8D11-00A0C91BC942}") = "2.2.1", "2\2.vcxproj", "{F1D2B8B2-D33E-4CDD-9556-E446E0C23A90}"
EndProject
Project("{8BC9CEB8-8B4A-11D0-8D11-00A0C91BC942}") = "2.2.2", "2.2.2\2.2.2.vcxproj", "{658CA7F3-1A63-4CB7-B149-FD880CD80528}"
EndProject
Project("{8BC9CEB8-8B4A-11D0-8D11-00A0C91BC942}") = "3.3.1", "3\3.vcxproj", "{AA8307A9-E5E6-40B4-8F3E-0FA4551211A0}"
EndProject
Project("{8BC9CEB8-8B4A-11D0-8D11-00A0C91BC942}") = "3.3.2", "3.1\3.1.vcxproj", "{1F9F700E-D4C1-491F-8DFF-757ED7F7631F}"
EndProject
Project("{8BC9CEB8-8B4A-11D0-8D11-00A0C91BC942}") = "3.3.3", "3.2\3.2.vcxproj", "{5B7DC99B-9FE5-4AD2-9FD2-5FD948C5630D}"
EndProject
Project("{8BC9CEB8-8B4A-11D0-8D11-00A0C91BC942}") = "3.3.4", "3.3.4\3.3.4.vcxproj", "{8BCCD124-20E2-435F-8423-E53D47F72386}"
EndProject
Global
	GlobalSection(SolutionConfigurationPlatforms) = preSolution
		Debug|x64 = Debug|x64
		Debug|x86 = Debug|x86
		Release|x64 = Release|x64
		Release|x86 = Release|x86
	EndGlobalSection
	GlobalSection(ProjectConfigurationPlatforms) = postSolution
		{C8C0B86D-5950-4386-85D3-0BFFE6F34AC3}.Debug|x64.ActiveCfg = Debug|x64
		{C8C0B86D-5950-4386-85D3-0BFFE6F34AC3}.Debug|x64.Build.0 = Debug|x64
		{C8C0B86D-5950-4386-85D3-0BFFE6F34AC3}.Debug|x86.ActiveCfg = Debug|Win32
		{C8C0B86D-5950-4386-85D3-0BFFE6F34AC3}.Debug|x86.Build.0 = Debug|Win32
		{C8C0B86D-5950-4386-85D3-0BFFE6F34AC3}.Release|x64.ActiveCfg = Release|x64
		{C8C0B86D-5950-4386-85D3-0BFFE6F34AC3}.Release|x64.Build.0 = Release|x64
		{C8C0B86D-5950-4386-85D3-0BFFE6F34AC3}.Release|x86.ActiveCfg = Release|Win32
		{C8C0B86D-5950-4386-85D3-0BFFE6F34AC3}.Release|x86.Build.0 = Release|Win32
		{F1D2B8B2-D33E-4CDD-9556-E446E0C23A90}.Debug|x64.ActiveCfg = Debug|x64
		{F1D2B8B2-D33E-4CDD-9556-E446E0C23A90}.Debug|x64.Build.0 = Debug|x64
		{F1D2B8B2-D33E-4CDD-9556-E446E0C23A90}.Debug|x86.ActiveCfg = Debug|Win32
		{F1D2B8B2-D33E-4CDD-9556-E446E0C23A90}.Debug|x86.Build.0 = Debug|Win32
		{F1D2B8B2-D33E-4CDD-9556-E446E0C23A90}.Release|x64.ActiveCfg = Release|x64
		{F1D2B8B2-D33E-4CDD-9556-E446E0C23A90}.Release|x64.Build.0 = Release|x64
		{F1D2B8B2-D33E-4CDD-9556-E446E0C23A90}.Release|x86.ActiveCfg = Release|Win32
		{F1D2B8B2-D33E-4CDD-9556-E446E0C23A90}.Release|x86.Build.0 = Release|Win32
		{658CA7F3-1A63-4CB7-B149-FD880CD80528}.Debug|x64.ActiveCfg = Debug|x64
		{658CA7F3-1A63-4CB7-B149-FD880CD80528}.Debug|x64.Build.0 = Debug|x64
		{658CA7F3-1A63-4CB7-B149-FD880CD80528}.Debug|x86.ActiveCfg = Debug|Win32
		{658CA7F3-1A63-4CB7-B149-FD880CD80528}.Debug|x86.Build.0 = Debug|Win32
		{658CA7F3-1A63-4CB7-B149-FD880CD80528}.Release|x64.ActiveCfg = Release|x64
		{658CA7F3-1A63-4CB7-B149-FD880CD80528}.Release|x64.Build.0 = Release|x64
		{658CA7F3-1A63-4CB7-B149-FD880CD80528}.Release|x86.ActiveCfg = Release|Win32
		{658CA7F3-1A63-4CB7-B149-FD880CD80528}.Release|x86.Build.0 = Release|Win32
		{AA8307A9-E5E6-40B4-8F3E-0FA4551211A0}.Debug|x64.ActiveCfg = Debug|x64
		{AA8307A9-E5E6-40B4-8F3E-0FA4551211A0}.Debug|x64.Build.0 = Debug|x64
		{AA8307A9-E5E6-40B4-8F3E-0FA4551211A0}.Debug|x86.ActiveCfg = Debug|Win32
		{AA8307A9-E5E6-40B4-8F3E-0FA4551211A0}.Debug|x86.Build.0 = Debug|Win32
		{AA8307A9-E5E6-40B4-8F3E-0FA4551211A0}.Release|x64.ActiveCfg = Release|x64
		{AA8307A9-E5E6-40B4-8F3E-0FA4551211A0}.Release|x64.Build.0 = Release|x64
		{AA8307A9-E5E6-40B4-8F3E-0FA4551211A0}.Release|x86.ActiveCfg = Release|Win32
		{AA8307A9-E5E6-40B4-8F3E-0FA4551211A0}.Release|x86.Build.0 = Release|Win32
		{1F9F700E-D4C1-491F-8DFF-757ED7F7631F}.Debug|x64.ActiveCfg = Debug|x64
		{1F9F700E-D4C1-491F-8DFF-757ED7F7631F}.Debug|x64.Build.0 = Debug|x64
		{1F9F700E-D4C1-491F-8DFF-757ED7F7631F}.Debug|x86.ActiveCfg = Debug|Win32
		{1F9F700E-D4C1-491F-8DFF-757ED7F7631F}.Debug|x86.Build.0 = Debug|Win32
		{1F9F700E-D4C1-491F-8DFF-757ED7F7631F}.Release|x64.ActiveCfg = Release|x64
		{1F9F700E-D4C1-491F-8DFF-757ED7F7631F}.Release|x64.Build.0 = Release|x64
		{1F9F700E-D4C1-491F-8DFF-757ED7F7631F}.Release|x86.ActiveCfg = Release|Win32
		{1F9F700E-D4C1-491F-8DFF-757ED7F7631F}.Release|x86.Build.0 = Release|Win32
		{5B7DC99B-9FE5-4AD2-9FD2-5FD948C5630D}.Debug|x64.ActiveCfg = Debug|x64
		{5B7DC99B-9FE5-4AD2-9FD2-5FD948C5630D}.Debug|x64.Build.0 = Debug|x64
		{5B7DC99B-9FE5-4AD2-9FD2-5FD948C5630D}.Debug|x86.ActiveCfg = Debug|Win32
		{5B7DC99B-9FE5-4AD2-9FD2-5FD948C5630D}.Debug|x86.Build.0 = Debug|Win32
		{5B7DC99B-9FE5-4AD2-9FD2-5FD948C5630D}.Release|x64.ActiveCfg = Release|x64
		{5B7DC99B-9FE5-4AD2-9FD2-5FD948C5630D}.Release|x64.Build.0 = Release|x64
		{5B7DC99B-9FE5-4AD2-9FD2-5FD948C5630D}.Release|x86.ActiveCfg = Release|Win32
		{5B7DC99B-9FE5-4AD2-9FD2-5FD948C5630D}.Release|x86.Build.0 = Release|Win32
		{8BCCD124-20E2-435F-8423-E53D47F72386}.Debug|x64.ActiveCfg = Debug|x64
		{8BCCD124-20E2-435F-8423-E53D47F72386}.Debug|x64.Build.0 = Debug|x64
		{8BCCD124-20E2-435F-8423-E53D47F72386}.Debug|x86.ActiveCfg = Debug|Win32
		{8BCCD124-20E2-435F-8423-E53D47F72386}.Debug|x86.Build.0 = Debug|Win32
		{8BCCD124-20E2-435F-8423-E53D47F72386}.Release|x64.ActiveCfg = Release|x64
		{8BCCD124-20E2-435F-8423-E53D47F72386}.Release|x64.Build.0 = Release|x64
		{8BCCD124-20E2-435F-8423-E53D47F72386}.Release|x86.ActiveCfg = Release|Win32
		{8BCCD124-20E2-435F-8423-E53D47F72386}.Release|x86.Build.0 = Release|Win32
	EndGlobalSection
	GlobalSection(SolutionProperties) = preSolution
		HideSolutionNode = FALSE
	EndGlobalSection
	GlobalSection(ExtensibilityGlobals) = postSolution
		SolutionGuid = {348B8761-D1DF-452B-B4C3-F30DAC13B9F2}
	EndGlobalSection
EndGlobal
