
Microsoft Visual Studio Solution File, Format Version 12.00
# Visual Studio Version 17
VisualStudioVersion = 17.4.33110.190
MinimumVisualStudioVersion = 10.0.40219.1
Project("{8BC9CEB8-8B4A-11D0-8D11-00A0C91BC942}") = "1", "1\1.vcxproj", "{C8C0B86D-5950-4386-85D3-0BFFE6F34AC3}"
EndProject
Project("{8BC9CEB8-8B4A-11D0-8D11-00A0C91BC942}") = "2.2.1", "2\2.vcxproj", "{F1D2B8B2-D33E-4CDD-9556-E446E0C23A90}"
EndProject
Project("{8BC9CEB8-8B4A-11D0-8D11-00A0C91BC942}") = "2.2.2", "2.2.2\2.2.2.vcxproj", "{658CA7F3-1A63-4CB7-B149-FD880CD80528}"
EndProject
Project("{8BC9CEB8-8B4A-11D0-8D11-00A0C91BC942}") = "3.3.1", "3\3.vcxproj", "{AA8307A9-E5E6-40B4-8F3E-0FA4551211A0}"
EndProject
Project("{8BC9CEB8-8B4A-11D0-8D11-00A0C91BC942}") = "3.3.2", "3.1\3.1.vcxproj", "{1F9F700E-D4C1-491F-8DFF-757ED7F7631F}"
EndProject
Project("{8BC9CEB8-8B4A-11D0-8D11-00A0C91BC942}") = "3.3.3", "3.2\3.2.vcxproj", "{5B7DC99B-9FE5-4AD2-9FD2-5FD948C5630D}"
EndProject
Project("{8BC9CEB8-8B4A-11D0-8D11-00A0C91BC942}") = "3.3.4", "3.3.4\3.3.4.vcxproj", "{8BCCD124-20E2-435F-8423-E53D47F72386}"
EndProject
Project("{8BC9CEB8-8B4A-11D0-8D11-00A0C91BC942}") = "4.4.1", "4.4.1\4.4.1.vcxproj", "{E0045A7D-6933-488C-845D-9C63F2D3DED8}"
EndProject
Project("{8BC9CEB8-8B4A-11D0-8D11-00A0C91BC942}") = "4.4.2", "4.4.2\4.4.2.vcxproj", "{5B4D9324-9A05-414D-9D52-9E0CE1F212CE}"
EndProject
Project("{8BC9CEB8-8B4A-11D0-8D11-00A0C91BC942}") = "4.4.3", "4.4.3\4.4.3.vcxproj", "{4D7190F0-F580-47EA-8496-39CBBDE2E713}"
EndProject
Project("{FAE04EC0-301F-11D3-BF4B-00C04F79EFBC}") = "5.5.1", "5.5.1\5.5.1.csproj", "{E594F34C-0E6D-48F1-98C3-031FE132E51B}"
EndProject
Project("{FAE04EC0-301F-11D3-BF4B-00C04F79EFBC}") = "5.5.2", "5.5.2\5.5.2.csproj", "{354391BC-3944-4699-B1D5-80D1E20DCEAF}"
EndProject
Project("{FAE04EC0-301F-11D3-BF4B-00C04F79EFBC}") = "5.5.3", "5.5.3\5.5.3.csproj", "{5C6668C8-A21E-4CE4-9CE8-75A41944AC14}"
EndProject
Global
	GlobalSection(SolutionConfigurationPlatforms) = preSolution
		Debug|Any CPU = Debug|Any CPU
		Debug|x64 = Debug|x64
		Debug|x86 = Debug|x86
		Release|Any CPU = Release|Any CPU
		Release|x64 = Release|x64
		Release|x86 = Release|x86
	EndGlobalSection
	GlobalSection(ProjectConfigurationPlatforms) = postSolution
		{C8C0B86D-5950-4386-85D3-0BFFE6F34AC3}.Debug|Any CPU.ActiveCfg = Debug|x64
		{C8C0B86D-5950-4386-85D3-0BFFE6F34AC3}.Debug|Any CPU.Build.0 = Debug|x64
		{C8C0B86D-5950-4386-85D3-0BFFE6F34AC3}.Debug|x64.ActiveCfg = Debug|x64
		{C8C0B86D-5950-4386-85D3-0BFFE6F34AC3}.Debug|x64.Build.0 = Debug|x64
		{C8C0B86D-5950-4386-85D3-0BFFE6F34AC3}.Debug|x86.ActiveCfg = Debug|Win32
		{C8C0B86D-5950-4386-85D3-0BFFE6F34AC3}.Debug|x86.Build.0 = Debug|Win32
		{C8C0B86D-5950-4386-85D3-0BFFE6F34AC3}.Release|Any CPU.ActiveCfg = Release|x64
		{C8C0B86D-5950-4386-85D3-0BFFE6F34AC3}.Release|Any CPU.Build.0 = Release|x64
		{C8C0B86D-5950-4386-85D3-0BFFE6F34AC3}.Release|x64.ActiveCfg = Release|x64
		{C8C0B86D-5950-4386-85D3-0BFFE6F34AC3}.Release|x64.Build.0 = Release|x64
		{C8C0B86D-5950-4386-85D3-0BFFE6F34AC3}.Release|x86.ActiveCfg = Release|Win32
		{C8C0B86D-5950-4386-85D3-0BFFE6F34AC3}.Release|x86.Build.0 = Release|Win32
		{F1D2B8B2-D33E-4CDD-9556-E446E0C23A90}.Debug|Any CPU.ActiveCfg = Debug|x64
		{F1D2B8B2-D33E-4CDD-9556-E446E0C23A90}.Debug|Any CPU.Build.0 = Debug|x64
		{F1D2B8B2-D33E-4CDD-9556-E446E0C23A90}.Debug|x64.ActiveCfg = Debug|x64
		{F1D2B8B2-D33E-4CDD-9556-E446E0C23A90}.Debug|x64.Build.0 = Debug|x64
		{F1D2B8B2-D33E-4CDD-9556-E446E0C23A90}.Debug|x86.ActiveCfg = Debug|Win32
		{F1D2B8B2-D33E-4CDD-9556-E446E0C23A90}.Debug|x86.Build.0 = Debug|Win32
		{F1D2B8B2-D33E-4CDD-9556-E446E0C23A90}.Release|Any CPU.ActiveCfg = Release|x64
		{F1D2B8B2-D33E-4CDD-9556-E446E0C23A90}.Release|Any CPU.Build.0 = Release|x64
		{F1D2B8B2-D33E-4CDD-9556-E446E0C23A90}.Release|x64.ActiveCfg = Release|x64
		{F1D2B8B2-D33E-4CDD-9556-E446E0C23A90}.Release|x64.Build.0 = Release|x64
		{F1D2B8B2-D33E-4CDD-9556-E446E0C23A90}.Release|x86.ActiveCfg = Release|Win32
		{F1D2B8B2-D33E-4CDD-9556-E446E0C23A90}.Release|x86.Build.0 = Release|Win32
		{658CA7F3-1A63-4CB7-B149-FD880CD80528}.Debug|Any CPU.ActiveCfg = Debug|x64
		{658CA7F3-1A63-4CB7-B149-FD880CD80528}.Debug|Any CPU.Build.0 = Debug|x64
		{658CA7F3-1A63-4CB7-B149-FD880CD80528}.Debug|x64.ActiveCfg = Debug|x64
		{658CA7F3-1A63-4CB7-B149-FD880CD80528}.Debug|x64.Build.0 = Debug|x64
		{658CA7F3-1A63-4CB7-B149-FD880CD80528}.Debug|x86.ActiveCfg = Debug|Win32
		{658CA7F3-1A63-4CB7-B149-FD880CD80528}.Debug|x86.Build.0 = Debug|Win32
		{658CA7F3-1A63-4CB7-B149-FD880CD80528}.Release|Any CPU.ActiveCfg = Release|x64
		{658CA7F3-1A63-4CB7-B149-FD880CD80528}.Release|Any CPU.Build.0 = Release|x64
		{658CA7F3-1A63-4CB7-B149-FD880CD80528}.Release|x64.ActiveCfg = Release|x64
		{658CA7F3-1A63-4CB7-B149-FD880CD80528}.Release|x64.Build.0 = Release|x64
		{658CA7F3-1A63-4CB7-B149-FD880CD80528}.Release|x86.ActiveCfg = Release|Win32
		{658CA7F3-1A63-4CB7-B149-FD880CD80528}.Release|x86.Build.0 = Release|Win32
		{AA8307A9-E5E6-40B4-8F3E-0FA4551211A0}.Debug|Any CPU.ActiveCfg = Debug|x64
		{AA8307A9-E5E6-40B4-8F3E-0FA4551211A0}.Debug|Any CPU.Build.0 = Debug|x64
		{AA8307A9-E5E6-40B4-8F3E-0FA4551211A0}.Debug|x64.ActiveCfg = Debug|x64
		{AA8307A9-E5E6-40B4-8F3E-0FA4551211A0}.Debug|x64.Build.0 = Debug|x64
		{AA8307A9-E5E6-40B4-8F3E-0FA4551211A0}.Debug|x86.ActiveCfg = Debug|Win32
		{AA8307A9-E5E6-40B4-8F3E-0FA4551211A0}.Debug|x86.Build.0 = Debug|Win32
		{AA8307A9-E5E6-40B4-8F3E-0FA4551211A0}.Release|Any CPU.ActiveCfg = Release|x64
		{AA8307A9-E5E6-40B4-8F3E-0FA4551211A0}.Release|Any CPU.Build.0 = Release|x64
		{AA8307A9-E5E6-40B4-8F3E-0FA4551211A0}.Release|x64.ActiveCfg = Release|x64
		{AA8307A9-E5E6-40B4-8F3E-0FA4551211A0}.Release|x64.Build.0 = Release|x64
		{AA8307A9-E5E6-40B4-8F3E-0FA4551211A0}.Release|x86.ActiveCfg = Release|Win32
		{AA8307A9-E5E6-40B4-8F3E-0FA4551211A0}.Release|x86.Build.0 = Release|Win32
		{1F9F700E-D4C1-491F-8DFF-757ED7F7631F}.Debug|Any CPU.ActiveCfg = Debug|x64
		{1F9F700E-D4C1-491F-8DFF-757ED7F7631F}.Debug|Any CPU.Build.0 = Debug|x64
		{1F9F700E-D4C1-491F-8DFF-757ED7F7631F}.Debug|x64.ActiveCfg = Debug|x64
		{1F9F700E-D4C1-491F-8DFF-757ED7F7631F}.Debug|x64.Build.0 = Debug|x64
		{1F9F700E-D4C1-491F-8DFF-757ED7F7631F}.Debug|x86.ActiveCfg = Debug|Win32
		{1F9F700E-D4C1-491F-8DFF-757ED7F7631F}.Debug|x86.Build.0 = Debug|Win32
		{1F9F700E-D4C1-491F-8DFF-757ED7F7631F}.Release|Any CPU.ActiveCfg = Release|x64
		{1F9F700E-D4C1-491F-8DFF-757ED7F7631F}.Release|Any CPU.Build.0 = Release|x64
		{1F9F700E-D4C1-491F-8DFF-757ED7F7631F}.Release|x64.ActiveCfg = Release|x64
		{1F9F700E-D4C1-491F-8DFF-757ED7F7631F}.Release|x64.Build.0 = Release|x64
		{1F9F700E-D4C1-491F-8DFF-757ED7F7631F}.Release|x86.ActiveCfg = Release|Win32
		{1F9F700E-D4C1-491F-8DFF-757ED7F7631F}.Release|x86.Build.0 = Release|Win32
		{5B7DC99B-9FE5-4AD2-9FD2-5FD948C5630D}.Debug|Any CPU.ActiveCfg = Debug|x64
		{5B7DC99B-9FE5-4AD2-9FD2-5FD948C5630D}.Debug|Any CPU.Build.0 = Debug|x64
		{5B7DC99B-9FE5-4AD2-9FD2-5FD948C5630D}.Debug|x64.ActiveCfg = Debug|x64
		{5B7DC99B-9FE5-4AD2-9FD2-5FD948C5630D}.Debug|x64.Build.0 = Debug|x64
		{5B7DC99B-9FE5-4AD2-9FD2-5FD948C5630D}.Debug|x86.ActiveCfg = Debug|Win32
		{5B7DC99B-9FE5-4AD2-9FD2-5FD948C5630D}.Debug|x86.Build.0 = Debug|Win32
		{5B7DC99B-9FE5-4AD2-9FD2-5FD948C5630D}.Release|Any CPU.ActiveCfg = Release|x64
		{5B7DC99B-9FE5-4AD2-9FD2-5FD948C5630D}.Release|Any CPU.Build.0 = Release|x64
		{5B7DC99B-9FE5-4AD2-9FD2-5FD948C5630D}.Release|x64.ActiveCfg = Release|x64
		{5B7DC99B-9FE5-4AD2-9FD2-5FD948C5630D}.Release|x64.Build.0 = Release|x64
		{5B7DC99B-9FE5-4AD2-9FD2-5FD948C5630D}.Release|x86.ActiveCfg = Release|Win32
		{5B7DC99B-9FE5-4AD2-9FD2-5FD948C5630D}.Release|x86.Build.0 = Release|Win32
		{8BCCD124-20E2-435F-8423-E53D47F72386}.Debug|Any CPU.ActiveCfg = Debug|x64
		{8BCCD124-20E2-435F-8423-E53D47F72386}.Debug|Any CPU.Build.0 = Debug|x64
		{8BCCD124-20E2-435F-8423-E53D47F72386}.Debug|x64.ActiveCfg = Debug|x64
		{8BCCD124-20E2-435F-8423-E53D47F72386}.Debug|x64.Build.0 = Debug|x64
		{8BCCD124-20E2-435F-8423-E53D47F72386}.Debug|x86.ActiveCfg = Debug|Win32
		{8BCCD124-20E2-435F-8423-E53D47F72386}.Debug|x86.Build.0 = Debug|Win32
		{8BCCD124-20E2-435F-8423-E53D47F72386}.Release|Any CPU.ActiveCfg = Release|x64
		{8BCCD124-20E2-435F-8423-E53D47F72386}.Release|Any CPU.Build.0 = Release|x64
		{8BCCD124-20E2-435F-8423-E53D47F72386}.Release|x64.ActiveCfg = Release|x64
		{8BCCD124-20E2-435F-8423-E53D47F72386}.Release|x64.Build.0 = Release|x64
		{8BCCD124-20E2-435F-8423-E53D47F72386}.Release|x86.ActiveCfg = Release|Win32
		{8BCCD124-20E2-435F-8423-E53D47F72386}.Release|x86.Build.0 = Release|Win32
		{E0045A7D-6933-488C-845D-9C63F2D3DED8}.Debug|Any CPU.ActiveCfg = Debug|x64
		{E0045A7D-6933-488C-845D-9C63F2D3DED8}.Debug|Any CPU.Build.0 = Debug|x64
		{E0045A7D-6933-488C-845D-9C63F2D3DED8}.Debug|x64.ActiveCfg = Debug|x64
		{E0045A7D-6933-488C-845D-9C63F2D3DED8}.Debug|x64.Build.0 = Debug|x64
		{E0045A7D-6933-488C-845D-9C63F2D3DED8}.Debug|x86.ActiveCfg = Debug|Win32
		{E0045A7D-6933-488C-845D-9C63F2D3DED8}.Debug|x86.Build.0 = Debug|Win32
		{E0045A7D-6933-488C-845D-9C63F2D3DED8}.Release|Any CPU.ActiveCfg = Release|x64
		{E0045A7D-6933-488C-845D-9C63F2D3DED8}.Release|Any CPU.Build.0 = Release|x64
		{E0045A7D-6933-488C-845D-9C63F2D3DED8}.Release|x64.ActiveCfg = Release|x64
		{E0045A7D-6933-488C-845D-9C63F2D3DED8}.Release|x64.Build.0 = Release|x64
		{E0045A7D-6933-488C-845D-9C63F2D3DED8}.Release|x86.ActiveCfg = Release|Win32
		{E0045A7D-6933-488C-845D-9C63F2D3DED8}.Release|x86.Build.0 = Release|Win32
		{5B4D9324-9A05-414D-9D52-9E0CE1F212CE}.Debug|Any CPU.ActiveCfg = Debug|x64
		{5B4D9324-9A05-414D-9D52-9E0CE1F212CE}.Debug|Any CPU.Build.0 = Debug|x64
		{5B4D9324-9A05-414D-9D52-9E0CE1F212CE}.Debug|x64.ActiveCfg = Debug|x64
		{5B4D9324-9A05-414D-9D52-9E0CE1F212CE}.Debug|x64.Build.0 = Debug|x64
		{5B4D9324-9A05-414D-9D52-9E0CE1F212CE}.Debug|x86.ActiveCfg = Debug|Win32
		{5B4D9324-9A05-414D-9D52-9E0CE1F212CE}.Debug|x86.Build.0 = Debug|Win32
		{5B4D9324-9A05-414D-9D52-9E0CE1F212CE}.Release|Any CPU.ActiveCfg = Release|x64
		{5B4D9324-9A05-414D-9D52-9E0CE1F212CE}.Release|Any CPU.Build.0 = Release|x64
		{5B4D9324-9A05-414D-9D52-9E0CE1F212CE}.Release|x64.ActiveCfg = Release|x64
		{5B4D9324-9A05-414D-9D52-9E0CE1F212CE}.Release|x64.Build.0 = Release|x64
		{5B4D9324-9A05-414D-9D52-9E0CE1F212CE}.Release|x86.ActiveCfg = Release|Win32
		{5B4D9324-9A05-414D-9D52-9E0CE1F212CE}.Release|x86.Build.0 = Release|Win32
		{4D7190F0-F580-47EA-8496-39CBBDE2E713}.Debug|Any CPU.ActiveCfg = Debug|x64
		{4D7190F0-F580-47EA-8496-39CBBDE2E713}.Debug|Any CPU.Build.0 = Debug|x64
		{4D7190F0-F580-47EA-8496-39CBBDE2E713}.Debug|x64.ActiveCfg = Debug|x64
		{4D7190F0-F580-47EA-8496-39CBBDE2E713}.Debug|x64.Build.0 = Debug|x64
		{4D7190F0-F580-47EA-8496-39CBBDE2E713}.Debug|x86.ActiveCfg = Debug|Win32
		{4D7190F0-F580-47EA-8496-39CBBDE2E713}.Debug|x86.Build.0 = Debug|Win32
		{4D7190F0-F580-47EA-8496-39CBBDE2E713}.Release|Any CPU.ActiveCfg = Release|x64
		{4D7190F0-F580-47EA-8496-39CBBDE2E713}.Release|Any CPU.Build.0 = Release|x64
		{4D7190F0-F580-47EA-8496-39CBBDE2E713}.Release|x64.ActiveCfg = Release|x64
		{4D7190F0-F580-47EA-8496-39CBBDE2E713}.Release|x64.Build.0 = Release|x64
		{4D7190F0-F580-47EA-8496-39CBBDE2E713}.Release|x86.ActiveCfg = Release|Win32
		{4D7190F0-F580-47EA-8496-39CBBDE2E713}.Release|x86.Build.0 = Release|Win32
		{E594F34C-0E6D-48F1-98C3-031FE132E51B}.Debug|Any CPU.ActiveCfg = Debug|Any CPU
		{E594F34C-0E6D-48F1-98C3-031FE132E51B}.Debug|Any CPU.Build.0 = Debug|Any CPU
		{E594F34C-0E6D-48F1-98C3-031FE132E51B}.Debug|x64.ActiveCfg = Debug|Any CPU
		{E594F34C-0E6D-48F1-98C3-031FE132E51B}.Debug|x64.Build.0 = Debug|Any CPU
		{E594F34C-0E6D-48F1-98C3-031FE132E51B}.Debug|x86.ActiveCfg = Debug|Any CPU
		{E594F34C-0E6D-48F1-98C3-031FE132E51B}.Debug|x86.Build.0 = Debug|Any CPU
		{E594F34C-0E6D-48F1-98C3-031FE132E51B}.Release|Any CPU.ActiveCfg = Release|Any CPU
		{E594F34C-0E6D-48F1-98C3-031FE132E51B}.Release|Any CPU.Build.0 = Release|Any CPU
		{E594F34C-0E6D-48F1-98C3-031FE132E51B}.Release|x64.ActiveCfg = Release|Any CPU
		{E594F34C-0E6D-48F1-98C3-031FE132E51B}.Release|x64.Build.0 = Release|Any CPU
		{E594F34C-0E6D-48F1-98C3-031FE132E51B}.Release|x86.ActiveCfg = Release|Any CPU
		{E594F34C-0E6D-48F1-98C3-031FE132E51B}.Release|x86.Build.0 = Release|Any CPU
		{354391BC-3944-4699-B1D5-80D1E20DCEAF}.Debug|Any CPU.ActiveCfg = Debug|Any CPU
		{354391BC-3944-4699-B1D5-80D1E20DCEAF}.Debug|Any CPU.Build.0 = Debug|Any CPU
		{354391BC-3944-4699-B1D5-80D1E20DCEAF}.Debug|x64.ActiveCfg = Debug|Any CPU
		{354391BC-3944-4699-B1D5-80D1E20DCEAF}.Debug|x64.Build.0 = Debug|Any CPU
		{354391BC-3944-4699-B1D5-80D1E20DCEAF}.Debug|x86.ActiveCfg = Debug|Any CPU
		{354391BC-3944-4699-B1D5-80D1E20DCEAF}.Debug|x86.Build.0 = Debug|Any CPU
		{354391BC-3944-4699-B1D5-80D1E20DCEAF}.Release|Any CPU.ActiveCfg = Release|Any CPU
		{354391BC-3944-4699-B1D5-80D1E20DCEAF}.Release|Any CPU.Build.0 = Release|Any CPU
		{354391BC-3944-4699-B1D5-80D1E20DCEAF}.Release|x64.ActiveCfg = Release|Any CPU
		{354391BC-3944-4699-B1D5-80D1E20DCEAF}.Release|x64.Build.0 = Release|Any CPU
		{354391BC-3944-4699-B1D5-80D1E20DCEAF}.Release|x86.ActiveCfg = Release|Any CPU
		{354391BC-3944-4699-B1D5-80D1E20DCEAF}.Release|x86.Build.0 = Release|Any CPU
		{5C6668C8-A21E-4CE4-9CE8-75A41944AC14}.Debug|Any CPU.ActiveCfg = Debug|Any CPU
		{5C6668C8-A21E-4CE4-9CE8-75A41944AC14}.Debug|Any CPU.Build.0 = Debug|Any CPU
		{5C6668C8-A21E-4CE4-9CE8-75A41944AC14}.Debug|x64.ActiveCfg = Debug|Any CPU
		{5C6668C8-A21E-4CE4-9CE8-75A41944AC14}.Debug|x64.Build.0 = Debug|Any CPU
		{5C6668C8-A21E-4CE4-9CE8-75A41944AC14}.Debug|x86.ActiveCfg = Debug|Any CPU
		{5C6668C8-A21E-4CE4-9CE8-75A41944AC14}.Debug|x86.Build.0 = Debug|Any CPU
		{5C6668C8-A21E-4CE4-9CE8-75A41944AC14}.Release|Any CPU.ActiveCfg = Release|Any CPU
		{5C6668C8-A21E-4CE4-9CE8-75A41944AC14}.Release|Any CPU.Build.0 = Release|Any CPU
		{5C6668C8-A21E-4CE4-9CE8-75A41944AC14}.Release|x64.ActiveCfg = Release|Any CPU
		{5C6668C8-A21E-4CE4-9CE8-75A41944AC14}.Release|x64.Build.0 = Release|Any CPU
		{5C6668C8-A21E-4CE4-9CE8-75A41944AC14}.Release|x86.ActiveCfg = Release|Any CPU
		{5C6668C8-A21E-4CE4-9CE8-75A41944AC14}.Release|x86.Build.0 = Release|Any CPU
	EndGlobalSection
	GlobalSection(SolutionProperties) = preSolution
		HideSolutionNode = FALSE
	EndGlobalSection
	GlobalSection(ExtensibilityGlobals) = postSolution
		SolutionGuid = {348B8761-D1DF-452B-B4C3-F30DAC13B9F2}
	EndGlobalSection
EndGlobal
